Microsoft Visual Studio Solution File, Format Version 12.00
# Visual Studio Version 17
VisualStudioVersion = 17.5.2.0
MinimumVisualStudioVersion = 10.0.40219.1
Project("{FAE04EC0-301F-11D3-BF4B-00C04F79EFBC}") = "AsumbiCampusSystem", "AsumbiCampusSystem.csproj", "{78720E3E-E23C-AF6F-D3BA-57C31FF3575C}"
EndProject
Global
	GlobalSection(SolutionConfigurationPlatforms) = preSolution
		Debug|Any CPU = Debug|Any CPU
		Release|Any CPU = Release|Any CPU
	EndGlobalSection
	GlobalSection(ProjectConfigurationPlatforms) = postSolution
		{78720E3E-E23C-AF6F-D3BA-57C31FF3575C}.Debug|Any CPU.ActiveCfg = Debug|Any CPU
		{78720E3E-E23C-AF6F-D3BA-57C31FF3575C}.Debug|Any CPU.Build.0 = Debug|Any CPU
		{78720E3E-E23C-AF6F-D3BA-57C31FF3575C}.Release|Any CPU.ActiveCfg = Release|Any CPU
		{78720E3E-E23C-AF6F-D3BA-57C31FF3575C}.Release|Any CPU.Build.0 = Release|Any CPU
	EndGlobalSection
	GlobalSection(SolutionProperties) = preSolution
		HideSolutionNode = FALSE
	EndGlobalSection
	GlobalSection(ExtensibilityGlobals) = postSolution
		SolutionGuid = {5D08786B-D15F-4EA7-B0A2-AF9D88C4CFBD}
	EndGlobalSection
EndGlobal
